
Microsoft Visual Studio Solution File, Format Version 12.00
# Visual Studio Version 17
VisualStudioVersion = 17.1.32210.238
MinimumVisualStudioVersion = 10.0.40219.1
Project("{9A19103F-16F7-4668-BE54-9A1E7A4F7556}") = "MinimalApiSample", "MinimalApiSample\MinimalApiSample.csproj", "{8458F262-8F52-40BD-8BBF-DF42A33D2D2E}"
EndProject
Global
	GlobalSection(SolutionConfigurationPlatforms) = preSolution
		Debug|Any CPU = Debug|Any CPU
		Release|Any CPU = Release|Any CPU
	EndGlobalSection
	GlobalSection(ProjectConfigurationPlatforms) = postSolution
		{8458F262-8F52-40BD-8BBF-DF42A33D2D2E}.Debug|Any CPU.ActiveCfg = Debug|Any CPU
		{8458F262-8F52-40BD-8BBF-DF42A33D2D2E}.Debug|Any CPU.Build.0 = Debug|Any CPU
		{8458F262-8F52-40BD-8BBF-DF42A33D2D2E}.Release|Any CPU.ActiveCfg = Release|Any CPU
		{8458F262-8F52-40BD-8BBF-DF42A33D2D2E}.Release|Any CPU.Build.0 = Release|Any CPU
	EndGlobalSection
	GlobalSection(SolutionProperties) = preSolution
		HideSolutionNode = FALSE
	EndGlobalSection
	GlobalSection(ExtensibilityGlobals) = postSolution
		SolutionGuid = {16C2E78E-F2DE-4EE0-8F52-A35A0A56CCAC}
	EndGlobalSection
EndGlobal
